PODS:
  - Nimble (2.0.0)
  - SwiftyDispatch (0.2.2)

DEPENDENCIES:
  - Nimble
  - SwiftyDispatch (from `../`)

EXTERNAL SOURCES:
  SwiftyDispatch:
    :path: "../"

SPEC CHECKSUMS:
  Nimble: 472e75466819eb8c06299233e87c694a9b51328a
  SwiftyDispatch: e6cc7d983f8a4e8b07bcd2076820c34493025960

COCOAPODS: 0.38.2
